{
    "_readme": [
        "This file locks the dependencies of your project to a known state",
        "Read more about it at https://getcomposer.org/doc/01-basic-usage.md#installing-dependencies",
        "This file is @generated automatically"
    ],
    "content-hash": "0e200b7ceec33e97191fe7193d1ef1a8",
    "packages": [
        {
            "name": "curl/curl",
            "version": "2.3.2",
            "source": {
                "type": "git",
                "url": "https://github.com/php-mod/curl.git",
                "reference": "8a3e3f1cb6061180c53cb18e2ad823f68ff91ac0"
            },
            "dist": {
                "type": "zip",
                "url": "https://api.github.com/repos/php-mod/curl/zipball/8a3e3f1cb6061180c53cb18e2ad823f68ff91ac0",
                "reference": "8a3e3f1cb6061180c53cb18e2ad823f68ff91ac0",
                "shasum": ""
            },
            "require": {
                "ext-curl": "*",
                "php": "^5.6 | ^7.0 | ^8.0"
            },
            "require-dev": {
                "yoast/phpunit-polyfills": "^0.2.0"
            },
            "type": "library",
            "autoload": {
                "psr-0": {
                    "Curl": "src/"
                }
            },
            "notification-url": "https://packagist.org/downloads/",
            "license": [
                "MIT"
            ],
            "authors": [
                {
                    "name": "php-curl-class",
                    "homepage": "https://github.com/php-curl-class"
                },
                {
                    "name": "Hassan Amouhzi",
                    "email": "hassan@anezi.net",
                    "homepage": "http://hassan.amouhzi.com"
                },
                {
                    "name": "user52",
                    "homepage": "https://github.com/user52"
                }
            ],
            "description": "cURL class for PHP",
            "homepage": "https://github.com/php-mod/curl",
            "keywords": [
                "curl",
                "dot"
            ],
            "support": {
                "issues": "https://github.com/php-mod/curl/issues",
                "source": "https://github.com/php-mod/curl/tree/2.3.2"
            },
            "time": "2021-04-11T19:00:09+00:00"
        },
        {
            "name": "krugozor/database",
            "version": "V2.0",
            "source": {
                "type": "git",
                "url": "https://github.com/Vasiliy-Makogon/Database.git",
                "reference": "836b7ff80604f748910f00d92a35a3ccaab77b0a"
            },
            "dist": {
                "type": "zip",
                "url": "https://api.github.com/repos/Vasiliy-Makogon/Database/zipball/836b7ff80604f748910f00d92a35a3ccaab77b0a",
                "reference": "836b7ff80604f748910f00d92a35a3ccaab77b0a",
                "shasum": ""
            },
            "require": {
                "php": ">=5.3.0"
            },
            "type": "library",
            "autoload": {
                "psr-4": {
                    "Krugozor\\Database\\": "src/"
                }
            },
            "notification-url": "https://packagist.org/downloads/",
            "license": [
                "Apache-2.0"
            ],
            "authors": [
                {
                    "name": "Vasiliy Makogon",
                    "email": "makogon-vs@yandex.ru"
                }
            ],
            "description": "Database — библиотека PHP классов для простой, удобной, быстрой и безопасной работы с базой данных MySql, использующая расширение PHP mysqli и имитацию подготовленных запросов. Database — is a PHP class library for easy, convenient, fast and safe work with the MySql database, using the PHP mysqli extension and simulating prepared statements.",
            "homepage": "https://github.com/Vasiliy-Makogon/Database",
            "keywords": [
                "database",
                "mysql",
                "mysql class",
                "mysql database class",
                "mysql database php class",
                "mysqli",
                "placeholder",
                "placeholders",
                "prepare statement"
            ],
            "support": {
                "issues": "https://github.com/Vasiliy-Makogon/Database/issues",
                "source": "https://github.com/Vasiliy-Makogon/Database/tree/V2.0"
            },
            "time": "2021-06-09T21:33:52+00:00"
        }
    ],
    "packages-dev": [],
    "aliases": [],
    "minimum-stability": "stable",
    "stability-flags": [],
    "prefer-stable": false,
    "prefer-lowest": false,
    "platform": [],
    "platform-dev": [],
    "plugin-api-version": "2.1.0"
}
